
Microsoft Visual Studio Solution File, Format Version 12.00
# Visual Studio 15
Project("{FAE04EC0-301F-11D3-BF4B-00C04F79EFBC}") = "Aula3_Ex5", "Aula3_Ex5.csproj", "{58F50F81-81FD-4FC9-BAFC-0669973B9F3A}"
EndProject
Global
	GlobalSection(SolutionConfigurationPlatforms) = preSolution
		Debug|Any CPU = Debug|Any CPU
		Release|Any CPU = Release|Any CPU
	EndGlobalSection
	GlobalSection(ProjectConfigurationPlatforms) = postSolution
		{58F50F81-81FD-4FC9-BAFC-0669973B9F3A}.Debug|Any CPU.ActiveCfg = Debug|Any CPU
		{58F50F81-81FD-4FC9-BAFC-0669973B9F3A}.Debug|Any CPU.Build.0 = Debug|Any CPU
		{58F50F81-81FD-4FC9-BAFC-0669973B9F3A}.Release|Any CPU.ActiveCfg = Release|Any CPU
		{58F50F81-81FD-4FC9-BAFC-0669973B9F3A}.Release|Any CPU.Build.0 = Release|Any CPU
	EndGlobalSection
EndGlobal
