
Microsoft Visual Studio Solution File, Format Version 12.00
# Visual Studio 15
Project("{FAE04EC0-301F-11D3-BF4B-00C04F79EFBC}") = "Aula2_Ex4", "Aula2_Ex4.csproj", "{3E74DB36-22C4-4F13-9C3A-CECA12114B7B}"
EndProject
Global
	GlobalSection(SolutionConfigurationPlatforms) = preSolution
		Debug|Any CPU = Debug|Any CPU
		Release|Any CPU = Release|Any CPU
	EndGlobalSection
	GlobalSection(ProjectConfigurationPlatforms) = postSolution
		{3E74DB36-22C4-4F13-9C3A-CECA12114B7B}.Debug|Any CPU.ActiveCfg = Debug|Any CPU
		{3E74DB36-22C4-4F13-9C3A-CECA12114B7B}.Debug|Any CPU.Build.0 = Debug|Any CPU
		{3E74DB36-22C4-4F13-9C3A-CECA12114B7B}.Release|Any CPU.ActiveCfg = Release|Any CPU
		{3E74DB36-22C4-4F13-9C3A-CECA12114B7B}.Release|Any CPU.Build.0 = Release|Any CPU
	EndGlobalSection
EndGlobal
