
Microsoft Visual Studio Solution File, Format Version 12.00
# Visual Studio 15
Project("{FAE04EC0-301F-11D3-BF4B-00C04F79EFBC}") = "Aula3_Ex7", "Aula3_Ex7.csproj", "{46BFD61A-314C-4175-8EA0-C3B8C54151EE}"
EndProject
Global
	GlobalSection(SolutionConfigurationPlatforms) = preSolution
		Debug|Any CPU = Debug|Any CPU
		Release|Any CPU = Release|Any CPU
	EndGlobalSection
	GlobalSection(ProjectConfigurationPlatforms) = postSolution
		{46BFD61A-314C-4175-8EA0-C3B8C54151EE}.Debug|Any CPU.ActiveCfg = Debug|Any CPU
		{46BFD61A-314C-4175-8EA0-C3B8C54151EE}.Debug|Any CPU.Build.0 = Debug|Any CPU
		{46BFD61A-314C-4175-8EA0-C3B8C54151EE}.Release|Any CPU.ActiveCfg = Release|Any CPU
		{46BFD61A-314C-4175-8EA0-C3B8C54151EE}.Release|Any CPU.Build.0 = Release|Any CPU
	EndGlobalSection
EndGlobal
