
Microsoft Visual Studio Solution File, Format Version 12.00
# Visual Studio 15
Project("{FAE04EC0-301F-11D3-BF4B-00C04F79EFBC}") = "Aula2_Ex8", "Aula2_Ex8.csproj", "{51358B5F-A8DA-4945-81D9-348D910EB614}"
EndProject
Global
	GlobalSection(SolutionConfigurationPlatforms) = preSolution
		Debug|Any CPU = Debug|Any CPU
		Release|Any CPU = Release|Any CPU
	EndGlobalSection
	GlobalSection(ProjectConfigurationPlatforms) = postSolution
		{51358B5F-A8DA-4945-81D9-348D910EB614}.Debug|Any CPU.ActiveCfg = Debug|Any CPU
		{51358B5F-A8DA-4945-81D9-348D910EB614}.Debug|Any CPU.Build.0 = Debug|Any CPU
		{51358B5F-A8DA-4945-81D9-348D910EB614}.Release|Any CPU.ActiveCfg = Release|Any CPU
		{51358B5F-A8DA-4945-81D9-348D910EB614}.Release|Any CPU.Build.0 = Release|Any CPU
	EndGlobalSection
EndGlobal
